
Microsoft Visual Studio Solution File, Format Version 12.00
# Visual Studio Version 17
VisualStudioVersion = 17.2.32602.215
MinimumVisualStudioVersion = 10.0.40219.1
Project("{9A19103F-16F7-4668-BE54-9A1E7A4F7556}") = "AspnetJwt", "src\AspnetJwt.csproj", "{08DB4D10-D257-4520-A4DC-77B8FDDD879C}"
EndProject
Global
	GlobalSection(SolutionConfigurationPlatforms) = preSolution
		Debug|Any CPU = Debug|Any CPU
		Release|Any CPU = Release|Any CPU
	EndGlobalSection
	GlobalSection(ProjectConfigurationPlatforms) = postSolution
		{08DB4D10-D257-4520-A4DC-77B8FDDD879C}.Debug|Any CPU.ActiveCfg = Debug|Any CPU
		{08DB4D10-D257-4520-A4DC-77B8FDDD879C}.Debug|Any CPU.Build.0 = Debug|Any CPU
		{08DB4D10-D257-4520-A4DC-77B8FDDD879C}.Release|Any CPU.ActiveCfg = Release|Any CPU
		{08DB4D10-D257-4520-A4DC-77B8FDDD879C}.Release|Any CPU.Build.0 = Release|Any CPU
	EndGlobalSection
	GlobalSection(SolutionProperties) = preSolution
		HideSolutionNode = FALSE
	EndGlobalSection
	GlobalSection(ExtensibilityGlobals) = postSolution
		SolutionGuid = {47B6F50D-F876-498D-BE24-2B4D97736952}
	EndGlobalSection
EndGlobal
